
Microsoft Visual Studio Solution File, Format Version 12.00
# Visual Studio Version 17
VisualStudioVersion = 17.13.35919.96 d17.13
MinimumVisualStudioVersion = 10.0.40219.1
Project("{FAE04EC0-301F-11D3-BF4B-00C04F79EFBC}") = "app3", "app3.csproj", "{2E2256BE-75C5-44A9-9E7F-17FE0B4A3E82}"
EndProject
Global
	GlobalSection(SolutionConfigurationPlatforms) = preSolution
		Debug|Any CPU = Debug|Any CPU
		Release|Any CPU = Release|Any CPU
	EndGlobalSection
	GlobalSection(ProjectConfigurationPlatforms) = postSolution
		{2E2256BE-75C5-44A9-9E7F-17FE0B4A3E82}.Debug|Any CPU.ActiveCfg = Debug|Any CPU
		{2E2256BE-75C5-44A9-9E7F-17FE0B4A3E82}.Debug|Any CPU.Build.0 = Debug|Any CPU
		{2E2256BE-75C5-44A9-9E7F-17FE0B4A3E82}.Release|Any CPU.ActiveCfg = Release|Any CPU
		{2E2256BE-75C5-44A9-9E7F-17FE0B4A3E82}.Release|Any CPU.Build.0 = Release|Any CPU
	EndGlobalSection
	GlobalSection(SolutionProperties) = preSolution
		HideSolutionNode = FALSE
	EndGlobalSection
	GlobalSection(ExtensibilityGlobals) = postSolution
		SolutionGuid = {E2121103-9426-4103-B815-76718CAD3E72}
	EndGlobalSection
EndGlobal
