
Microsoft Visual Studio Solution File, Format Version 12.00
# Visual Studio Version 17
VisualStudioVersion = 17.13.35919.96 d17.13
MinimumVisualStudioVersion = 10.0.40219.1
Project("{FAE04EC0-301F-11D3-BF4B-00C04F79EFBC}") = "app1", "app1.csproj", "{04B954AD-04B7-4B72-A0BF-B64710630FF1}"
EndProject
Global
	GlobalSection(SolutionConfigurationPlatforms) = preSolution
		Debug|Any CPU = Debug|Any CPU
		Release|Any CPU = Release|Any CPU
	EndGlobalSection
	GlobalSection(ProjectConfigurationPlatforms) = postSolution
		{04B954AD-04B7-4B72-A0BF-B64710630FF1}.Debug|Any CPU.ActiveCfg = Debug|Any CPU
		{04B954AD-04B7-4B72-A0BF-B64710630FF1}.Debug|Any CPU.Build.0 = Debug|Any CPU
		{04B954AD-04B7-4B72-A0BF-B64710630FF1}.Release|Any CPU.ActiveCfg = Release|Any CPU
		{04B954AD-04B7-4B72-A0BF-B64710630FF1}.Release|Any CPU.Build.0 = Release|Any CPU
	EndGlobalSection
	GlobalSection(SolutionProperties) = preSolution
		HideSolutionNode = FALSE
	EndGlobalSection
	GlobalSection(ExtensibilityGlobals) = postSolution
		SolutionGuid = {598F00F8-CB9E-470E-AE70-57976D133512}
	EndGlobalSection
EndGlobal
