
Microsoft Visual Studio Solution File, Format Version 12.00
# Visual Studio Version 17
VisualStudioVersion = 17.13.35919.96 d17.13
MinimumVisualStudioVersion = 10.0.40219.1
Project("{FAE04EC0-301F-11D3-BF4B-00C04F79EFBC}") = "app4", "app4.csproj", "{18100D06-0BEF-441F-BA48-375CDA6CA0AB}"
EndProject
Global
	GlobalSection(SolutionConfigurationPlatforms) = preSolution
		Debug|Any CPU = Debug|Any CPU
		Release|Any CPU = Release|Any CPU
	EndGlobalSection
	GlobalSection(ProjectConfigurationPlatforms) = postSolution
		{18100D06-0BEF-441F-BA48-375CDA6CA0AB}.Debug|Any CPU.ActiveCfg = Debug|Any CPU
		{18100D06-0BEF-441F-BA48-375CDA6CA0AB}.Debug|Any CPU.Build.0 = Debug|Any CPU
		{18100D06-0BEF-441F-BA48-375CDA6CA0AB}.Release|Any CPU.ActiveCfg = Release|Any CPU
		{18100D06-0BEF-441F-BA48-375CDA6CA0AB}.Release|Any CPU.Build.0 = Release|Any CPU
	EndGlobalSection
	GlobalSection(SolutionProperties) = preSolution
		HideSolutionNode = FALSE
	EndGlobalSection
	GlobalSection(ExtensibilityGlobals) = postSolution
		SolutionGuid = {25F8BA6A-05E4-44BC-B446-BAAD783635B6}
	EndGlobalSection
EndGlobal
